// !$*UTF8*$!
{
	archiveVersion = 1;
	classes = {
	};
	objectVersion = 56;
	objects = {

/* Begin PBXBuildFile section */
		C344B0432B913CD400E52D9E /* DivisionTests.swift in Sources */ = {isa = PBXBuildFile; fileRef = C344B0422B913CD400E52D9E /* DivisionTests.swift */; };
		C3ED259D2B907704009145E4 /* StudentAbsence.swift in Sources */ = {isa = PBXBuildFile; fileRef = C3ED259C2B907704009145E4 /* StudentAbsence.swift */; };
		C3ED259F2B907A41009145E4 /* Absence.swift in Sources */ = {isa = PBXBuildFile; fileRef = C3ED259E2B907A41009145E4 /* Absence.swift */; };
		C3F784382B8E410800A12EF1 /* AbsenceRecorderApp.swift in Sources */ = {isa = PBXBuildFile; fileRef = C3F784372B8E410800A12EF1 /* AbsenceRecorderApp.swift */; };
		C3F7843A2B8E410800A12EF1 /* DivisionsView.swift in Sources */ = {isa = PBXBuildFile; fileRef = C3F784392B8E410800A12EF1 /* DivisionsView.swift */; };
		C3F7843C2B8E410B00A12EF1 /* Assets.xcassets in Resources */ = {isa = PBXBuildFile; fileRef = C3F7843B2B8E410B00A12EF1 /* Assets.xcassets */; };
		C3F7843F2B8E410B00A12EF1 /* Preview Assets.xcassets in Resources */ = {isa = PBXBuildFile; fileRef = C3F7843E2B8E410B00A12EF1 /* Preview Assets.xcassets */; };
		C3F784492B8E410C00A12EF1 /* AbsenceRecorderTests.swift in Sources */ = {isa = PBXBuildFile; fileRef = C3F784482B8E410C00A12EF1 /* AbsenceRecorderTests.swift */; };
		C3F784532B8E410C00A12EF1 /* AbsenceRecorderUITests.swift in Sources */ = {isa = PBXBuildFile; fileRef = C3F784522B8E410C00A12EF1 /* AbsenceRecorderUITests.swift */; };
		C3F784552B8E410C00A12EF1 /* AbsenceRecorderUITestsLaunchTests.swift in Sources */ = {isa = PBXBuildFile; fileRef = C3F784542B8E410C00A12EF1 /* AbsenceRecorderUITestsLaunchTests.swift */; };
		C3F784642B8E421300A12EF1 /* Student.swift in Sources */ = {isa = PBXBuildFile; fileRef = C3F784632B8E421300A12EF1 /* Student.swift */; };
		C3F784662B8E42B500A12EF1 /* Division.swift in Sources */ = {isa = PBXBuildFile; fileRef = C3F784652B8E42B500A12EF1 /* Division.swift */; };
		C3F784692B8E965800A12EF1 /* Date.swift in Sources */ = {isa = PBXBuildFile; fileRef = C3F784682B8E965800A12EF1 /* Date.swift */; };
		C3F7846D2B8F824E00A12EF1 /* DivisionItem.swift in Sources */ = {isa = PBXBuildFile; fileRef = C3F7846C2B8F824E00A12EF1 /* DivisionItem.swift */; };
		C3F7846F2B8FDB3900A12EF1 /* AbsenceView.swift in Sources */ = {isa = PBXBuildFile; fileRef = C3F7846E2B8FDB3900A12EF1 /* AbsenceView.swift */; };
		C3F784712B8FDE4100A12EF1 /* RootTabView.swift in Sources */ = {isa = PBXBuildFile; fileRef = C3F784702B8FDE4100A12EF1 /* RootTabView.swift */; };
		C3F784732B8FDEEF00A12EF1 /* StatisticsView.swift in Sources */ = {isa = PBXBuildFile; fileRef = C3F784722B8FDEEF00A12EF1 /* StatisticsView.swift */; };
		C3F784752B8FE50F00A12EF1 /* StateController.swift in Sources */ = {isa = PBXBuildFile; fileRef = C3F784742B8FE50F00A12EF1 /* StateController.swift */; };
		C3F784772B8FED8D00A12EF1 /* AbsenceItem.swift in Sources */ = {isa = PBXBuildFile; fileRef = C3F784762B8FED8D00A12EF1 /* AbsenceItem.swift */; };
/* End PBXBuildFile section */

/* Begin PBXContainerItemProxy section */
		C3F784452B8E410C00A12EF1 /* PBXContainerItemProxy */ = {
			isa = PBXContainerItemProxy;
			containerPortal = C3F7842C2B8E410800A12EF1 /* Project object */;
			proxyType = 1;
			remoteGlobalIDString = C3F784332B8E410800A12EF1;
			remoteInfo = AbsenceRecorder;
		};
		C3F7844F2B8E410C00A12EF1 /* PBXContainerItemProxy */ = {
			isa = PBXContainerItemProxy;
			containerPortal = C3F7842C2B8E410800A12EF1 /* Project object */;
			proxyType = 1;
			remoteGlobalIDString = C3F784332B8E410800A12EF1;
			remoteInfo = AbsenceRecorder;
		};
/* End PBXContainerItemProxy section */

/* Begin PBXFileReference section */
		C344B0422B913CD400E52D9E /* DivisionTests.swift */ = {isa = PBXFileReference; lastKnownFileType = sourcecode.swift; path = DivisionTests.swift; sourceTree = "<group>"; };
		C3ED259C2B907704009145E4 /* StudentAbsence.swift */ = {isa = PBXFileReference; lastKnownFileType = sourcecode.swift; path = StudentAbsence.swift; sourceTree = "<group>"; };
		C3ED259E2B907A41009145E4 /* Absence.swift */ = {isa = PBXFileReference; lastKnownFileType = sourcecode.swift; path = Absence.swift; sourceTree = "<group>"; };
		C3F784342B8E410800A12EF1 /* AbsenceRecorder.app */ = {isa = PBXFileReference; explicitFileType = wrapper.application; includeInIndex = 0; path = AbsenceRecorder.app; sourceTree = BUILT_PRODUCTS_DIR; };
		C3F784372B8E410800A12EF1 /* AbsenceRecorderApp.swift */ = {isa = PBXFileReference; lastKnownFileType = sourcecode.swift; path = AbsenceRecorderApp.swift; sourceTree = "<group>"; };
		C3F784392B8E410800A12EF1 /* DivisionsView.swift */ = {isa = PBXFileReference; lastKnownFileType = sourcecode.swift; path = DivisionsView.swift; sourceTree = "<group>"; };
		C3F7843B2B8E410B00A12EF1 /* Assets.xcassets */ = {isa = PBXFileReference; lastKnownFileType = folder.assetcatalog; path = Assets.xcassets; sourceTree = "<group>"; };
		C3F7843E2B8E410B00A12EF1 /* Preview Assets.xcassets */ = {isa = PBXFileReference; lastKnownFileType = folder.assetcatalog; path = "Preview Assets.xcassets"; sourceTree = "<group>"; };
		C3F784442B8E410C00A12EF1 /* AbsenceRecorderTests.xctest */ = {isa = PBXFileReference; explicitFileType = wrapper.cfbundle; includeInIndex = 0; path = AbsenceRecorderTests.xctest; sourceTree = BUILT_PRODUCTS_DIR; };
		C3F784482B8E410C00A12EF1 /* AbsenceRecorderTests.swift */ = {isa = PBXFileReference; lastKnownFileType = sourcecode.swift; path = AbsenceRecorderTests.swift; sourceTree = "<group>"; };
		C3F7844E2B8E410C00A12EF1 /* AbsenceRecorderUITests.xctest */ = {isa = PBXFileReference; explicitFileType = wrapper.cfbundle; includeInIndex = 0; path = AbsenceRecorderUITests.xctest; sourceTree = BUILT_PRODUCTS_DIR; };
		C3F784522B8E410C00A12EF1 /* AbsenceRecorderUITests.swift */ = {isa = PBXFileReference; lastKnownFileType = sourcecode.swift; path = AbsenceRecorderUITests.swift; sourceTree = "<group>"; };
		C3F784542B8E410C00A12EF1 /* AbsenceRecorderUITestsLaunchTests.swift */ = {isa = PBXFileReference; lastKnownFileType = sourcecode.swift; path = AbsenceRecorderUITestsLaunchTests.swift; sourceTree = "<group>"; };
		C3F784632B8E421300A12EF1 /* Student.swift */ = {isa = PBXFileReference; lastKnownFileType = sourcecode.swift; path = Student.swift; sourceTree = "<group>"; };
		C3F784652B8E42B500A12EF1 /* Division.swift */ = {isa = PBXFileReference; lastKnownFileType = sourcecode.swift; path = Division.swift; sourceTree = "<group>"; };
		C3F784682B8E965800A12EF1 /* Date.swift */ = {isa = PBXFileReference; lastKnownFileType = sourcecode.swift; path = Date.swift; sourceTree = "<group>"; };
		C3F7846C2B8F824E00A12EF1 /* DivisionItem.swift */ = {isa = PBXFileReference; lastKnownFileType = sourcecode.swift; path = DivisionItem.swift; sourceTree = "<group>"; };
		C3F7846E2B8FDB3900A12EF1 /* AbsenceView.swift */ = {isa = PBXFileReference; lastKnownFileType = sourcecode.swift; path = AbsenceView.swift; sourceTree = "<group>"; };
		C3F784702B8FDE4100A12EF1 /* RootTabView.swift */ = {isa = PBXFileReference; lastKnownFileType = sourcecode.swift; path = RootTabView.swift; sourceTree = "<group>"; };
		C3F784722B8FDEEF00A12EF1 /* StatisticsView.swift */ = {isa = PBXFileReference; lastKnownFileType = sourcecode.swift; path = StatisticsView.swift; sourceTree = "<group>"; };
		C3F784742B8FE50F00A12EF1 /* StateController.swift */ = {isa = PBXFileReference; lastKnownFileType = sourcecode.swift; path = StateController.swift; sourceTree = "<group>"; };
		C3F784762B8FED8D00A12EF1 /* AbsenceItem.swift */ = {isa = PBXFileReference; lastKnownFileType = sourcecode.swift; path = AbsenceItem.swift; sourceTree = "<group>"; };
/* End PBXFileReference section */

/* Begin PBXFrameworksBuildPhase section */
		C3F784312B8E410800A12EF1 /* Frameworks */ = {
			isa = PBXFrameworksBuildPhase;
			buildActionMask = 2147483647;
			files = (
			);
			runOnlyForDeploymentPostprocessing = 0;
		};
		C3F784412B8E410C00A12EF1 /* Frameworks */ = {
			isa = PBXFrameworksBuildPhase;
			buildActionMask = 2147483647;
			files = (
			);
			runOnlyForDeploymentPostprocessing = 0;
		};
		C3F7844B2B8E410C00A12EF1 /* Frameworks */ = {
			isa = PBXFrameworksBuildPhase;
			buildActionMask = 2147483647;
			files = (
			);
			runOnlyForDeploymentPostprocessing = 0;
		};
/* End PBXFrameworksBuildPhase section */

/* Begin PBXGroup section */
		C3F7842B2B8E410800A12EF1 = {
			isa = PBXGroup;
			children = (
				C3F784362B8E410800A12EF1 /* AbsenceRecorder */,
				C3F784472B8E410C00A12EF1 /* AbsenceRecorderTests */,
				C3F784512B8E410C00A12EF1 /* AbsenceRecorderUITests */,
				C3F784352B8E410800A12EF1 /* Products */,
			);
			sourceTree = "<group>";
		};
		C3F784352B8E410800A12EF1 /* Products */ = {
			isa = PBXGroup;
			children = (
				C3F784342B8E410800A12EF1 /* AbsenceRecorder.app */,
				C3F784442B8E410C00A12EF1 /* AbsenceRecorderTests.xctest */,
				C3F7844E2B8E410C00A12EF1 /* AbsenceRecorderUITests.xctest */,
			);
			name = Products;
			sourceTree = "<group>";
		};
		C3F784362B8E410800A12EF1 /* AbsenceRecorder */ = {
			isa = PBXGroup;
			children = (
				C3F784672B8E964700A12EF1 /* Extensions */,
				C3F784622B8E41CD00A12EF1 /* View */,
				C3F784612B8E41B700A12EF1 /* Model */,
				C3F784372B8E410800A12EF1 /* AbsenceRecorderApp.swift */,
				C3F7843B2B8E410B00A12EF1 /* Assets.xcassets */,
				C3F7843D2B8E410B00A12EF1 /* Preview Content */,
				C3F784742B8FE50F00A12EF1 /* StateController.swift */,
			);
			path = AbsenceRecorder;
			sourceTree = "<group>";
		};
		C3F7843D2B8E410B00A12EF1 /* Preview Content */ = {
			isa = PBXGroup;
			children = (
				C3F7843E2B8E410B00A12EF1 /* Preview Assets.xcassets */,
			);
			path = "Preview Content";
			sourceTree = "<group>";
		};
		C3F784472B8E410C00A12EF1 /* AbsenceRecorderTests */ = {
			isa = PBXGroup;
			children = (
				C3F784482B8E410C00A12EF1 /* AbsenceRecorderTests.swift */,
				C344B0422B913CD400E52D9E /* DivisionTests.swift */,
			);
			path = AbsenceRecorderTests;
			sourceTree = "<group>";
		};
		C3F784512B8E410C00A12EF1 /* AbsenceRecorderUITests */ = {
			isa = PBXGroup;
			children = (
				C3F784522B8E410C00A12EF1 /* AbsenceRecorderUITests.swift */,
				C3F784542B8E410C00A12EF1 /* AbsenceRecorderUITestsLaunchTests.swift */,
			);
			path = AbsenceRecorderUITests;
			sourceTree = "<group>";
		};
		C3F784612B8E41B700A12EF1 /* Model */ = {
			isa = PBXGroup;
			children = (
				C3F784632B8E421300A12EF1 /* Student.swift */,
				C3F784652B8E42B500A12EF1 /* Division.swift */,
				C3ED259C2B907704009145E4 /* StudentAbsence.swift */,
				C3ED259E2B907A41009145E4 /* Absence.swift */,
			);
			path = Model;
			sourceTree = "<group>";
		};
		C3F784622B8E41CD00A12EF1 /* View */ = {
			isa = PBXGroup;
			children = (
				C3F784392B8E410800A12EF1 /* DivisionsView.swift */,
				C3F7846C2B8F824E00A12EF1 /* DivisionItem.swift */,
				C3F7846E2B8FDB3900A12EF1 /* AbsenceView.swift */,
				C3F784702B8FDE4100A12EF1 /* RootTabView.swift */,
				C3F784722B8FDEEF00A12EF1 /* StatisticsView.swift */,
				C3F784762B8FED8D00A12EF1 /* AbsenceItem.swift */,
			);
			path = View;
			sourceTree = "<group>";
		};
		C3F784672B8E964700A12EF1 /* Extensions */ = {
			isa = PBXGroup;
			children = (
				C3F784682B8E965800A12EF1 /* Date.swift */,
			);
			path = Extensions;
			sourceTree = "<group>";
		};
/* End PBXGroup section */

/* Begin PBXNativeTarget section */
		C3F784332B8E410800A12EF1 /* AbsenceRecorder */ = {
			isa = PBXNativeTarget;
			buildConfigurationList = C3F784582B8E410C00A12EF1 /* Build configuration list for PBXNativeTarget "AbsenceRecorder" */;
			buildPhases = (
				C3F784302B8E410800A12EF1 /* Sources */,
				C3F784312B8E410800A12EF1 /* Frameworks */,
				C3F784322B8E410800A12EF1 /* Resources */,
			);
			buildRules = (
			);
			dependencies = (
			);
			name = AbsenceRecorder;
			productName = AbsenceRecorder;
			productReference = C3F784342B8E410800A12EF1 /* AbsenceRecorder.app */;
			productType = "com.apple.product-type.application";
		};
		C3F784432B8E410C00A12EF1 /* AbsenceRecorderTests */ = {
			isa = PBXNativeTarget;
			buildConfigurationList = C3F7845B2B8E410C00A12EF1 /* Build configuration list for PBXNativeTarget "AbsenceRecorderTests" */;
			buildPhases = (
				C3F784402B8E410C00A12EF1 /* Sources */,
				C3F784412B8E410C00A12EF1 /* Frameworks */,
				C3F784422B8E410C00A12EF1 /* Resources */,
			);
			buildRules = (
			);
			dependencies = (
				C3F784462B8E410C00A12EF1 /* PBXTargetDependency */,
			);
			name = AbsenceRecorderTests;
			productName = AbsenceRecorderTests;
			productReference = C3F784442B8E410C00A12EF1 /* AbsenceRecorderTests.xctest */;
			productType = "com.apple.product-type.bundle.unit-test";
		};
		C3F7844D2B8E410C00A12EF1 /* AbsenceRecorderUITests */ = {
			isa = PBXNativeTarget;
			buildConfigurationList = C3F7845E2B8E410C00A12EF1 /* Build configuration list for PBXNativeTarget "AbsenceRecorderUITests" */;
			buildPhases = (
				C3F7844A2B8E410C00A12EF1 /* Sources */,
				C3F7844B2B8E410C00A12EF1 /* Frameworks */,
				C3F7844C2B8E410C00A12EF1 /* Resources */,
			);
			buildRules = (
			);
			dependencies = (
				C3F784502B8E410C00A12EF1 /* PBXTargetDependency */,
			);
			name = AbsenceRecorderUITests;
			productName = AbsenceRecorderUITests;
			productReference = C3F7844E2B8E410C00A12EF1 /* AbsenceRecorderUITests.xctest */;
			productType = "com.apple.product-type.bundle.ui-testing";
		};
/* End PBXNativeTarget section */

/* Begin PBXProject section */
		C3F7842C2B8E410800A12EF1 /* Project object */ = {
			isa = PBXProject;
			attributes = {
				BuildIndependentTargetsInParallel = 1;
				LastSwiftUpdateCheck = 1520;
				LastUpgradeCheck = 1520;
				TargetAttributes = {
					C3F784332B8E410800A12EF1 = {
						CreatedOnToolsVersion = 15.2;
					};
					C3F784432B8E410C00A12EF1 = {
						CreatedOnToolsVersion = 15.2;
						TestTargetID = C3F784332B8E410800A12EF1;
					};
					C3F7844D2B8E410C00A12EF1 = {
						CreatedOnToolsVersion = 15.2;
						TestTargetID = C3F784332B8E410800A12EF1;
					};
				};
			};
			buildConfigurationList = C3F7842F2B8E410800A12EF1 /* Build configuration list for PBXProject "AbsenceRecorder" */;
			compatibilityVersion = "Xcode 14.0";
			developmentRegion = en;
			hasScannedForEncodings = 0;
			knownRegions = (
				en,
				Base,
			);
			mainGroup = C3F7842B2B8E410800A12EF1;
			productRefGroup = C3F784352B8E410800A12EF1 /* Products */;
			projectDirPath = "";
			projectRoot = "";
			targets = (
				C3F784332B8E410800A12EF1 /* AbsenceRecorder */,
				C3F784432B8E410C00A12EF1 /* AbsenceRecorderTests */,
				C3F7844D2B8E410C00A12EF1 /* AbsenceRecorderUITests */,
			);
		};
/* End PBXProject section */

/* Begin PBXResourcesBuildPhase section */
		C3F784322B8E410800A12EF1 /* Resources */ = {
			isa = PBXResourcesBuildPhase;
			buildActionMask = 2147483647;
			files = (
				C3F7843F2B8E410B00A12EF1 /* Preview Assets.xcassets in Resources */,
				C3F7843C2B8E410B00A12EF1 /* Assets.xcassets in Resources */,
			);
			runOnlyForDeploymentPostprocessing = 0;
		};
		C3F784422B8E410C00A12EF1 /* Resources */ = {
			isa = PBXResourcesBuildPhase;
			buildActionMask = 2147483647;
			files = (
			);
			runOnlyForDeploymentPostprocessing = 0;
		};
		C3F7844C2B8E410C00A12EF1 /* Resources */ = {
			isa = PBXResourcesBuildPhase;
			buildActionMask = 2147483647;
			files = (
			);
			runOnlyForDeploymentPostprocessing = 0;
		};
/* End PBXResourcesBuildPhase section */

/* Begin PBXSourcesBuildPhase section */
		C3F784302B8E410800A12EF1 /* Sources */ = {
			isa = PBXSourcesBuildPhase;
			buildActionMask = 2147483647;
			files = (
				C3F7843A2B8E410800A12EF1 /* DivisionsView.swift in Sources */,
				C3F784692B8E965800A12EF1 /* Date.swift in Sources */,
				C3F784712B8FDE4100A12EF1 /* RootTabView.swift in Sources */,
				C3ED259D2B907704009145E4 /* StudentAbsence.swift in Sources */,
				C3F784642B8E421300A12EF1 /* Student.swift in Sources */,
				C3F784772B8FED8D00A12EF1 /* AbsenceItem.swift in Sources */,
				C3F784732B8FDEEF00A12EF1 /* StatisticsView.swift in Sources */,
				C3F784662B8E42B500A12EF1 /* Division.swift in Sources */,
				C3F784382B8E410800A12EF1 /* AbsenceRecorderApp.swift in Sources */,
				C3F7846D2B8F824E00A12EF1 /* DivisionItem.swift in Sources */,
				C3F7846F2B8FDB3900A12EF1 /* AbsenceView.swift in Sources */,
				C3ED259F2B907A41009145E4 /* Absence.swift in Sources */,
				C3F784752B8FE50F00A12EF1 /* StateController.swift in Sources */,
			);
			runOnlyForDeploymentPostprocessing = 0;
		};
		C3F784402B8E410C00A12EF1 /* Sources */ = {
			isa = PBXSourcesBuildPhase;
			buildActionMask = 2147483647;
			files = (
				C344B0432B913CD400E52D9E /* DivisionTests.swift in Sources */,
				C3F784492B8E410C00A12EF1 /* AbsenceRecorderTests.swift in Sources */,
			);
			runOnlyForDeploymentPostprocessing = 0;
		};
		C3F7844A2B8E410C00A12EF1 /* Sources */ = {
			isa = PBXSourcesBuildPhase;
			buildActionMask = 2147483647;
			files = (
				C3F784552B8E410C00A12EF1 /* AbsenceRecorderUITestsLaunchTests.swift in Sources */,
				C3F784532B8E410C00A12EF1 /* AbsenceRecorderUITests.swift in Sources */,
			);
			runOnlyForDeploymentPostprocessing = 0;
		};
/* End PBXSourcesBuildPhase section */

/* Begin PBXTargetDependency section */
		C3F784462B8E410C00A12EF1 /* PBXTargetDependency */ = {
			isa = PBXTargetDependency;
			target = C3F784332B8E410800A12EF1 /* AbsenceRecorder */;
			targetProxy = C3F784452B8E410C00A12EF1 /* PBXContainerItemProxy */;
		};
		C3F784502B8E410C00A12EF1 /* PBXTargetDependency */ = {
			isa = PBXTargetDependency;
			target = C3F784332B8E410800A12EF1 /* AbsenceRecorder */;
			targetProxy = C3F7844F2B8E410C00A12EF1 /* PBXContainerItemProxy */;
		};
/* End PBXTargetDependency section */

/* Begin XCBuildConfiguration section */
		C3F784562B8E410C00A12EF1 /* Debug */ = {
			isa = XCBuildConfiguration;
			buildSettings = {
				ALWAYS_SEARCH_USER_PATHS = NO;
				ASSETCATALOG_COMPILER_GENERATE_SWIFT_ASSET_SYMBOL_EXTENSIONS = YES;
				CLANG_ANALYZER_NONNULL = YES;
				CLANG_ANALYZER_NUMBER_OBJECT_CONVERSION = YES_AGGRESSIVE;
				CLANG_CXX_LANGUAGE_STANDARD = "gnu++20";
				CLANG_ENABLE_MODULES = YES;
				CLANG_ENABLE_OBJC_ARC = YES;
				CLANG_ENABLE_OBJC_WEAK = YES;
				CLANG_WARN_BLOCK_CAPTURE_AUTORELEASING = YES;
				CLANG_WARN_BOOL_CONVERSION = YES;
				CLANG_WARN_COMMA = YES;
				CLANG_WARN_CONSTANT_CONVERSION = YES;
				CLANG_WARN_DEPRECATED_OBJC_IMPLEMENTATIONS = YES;
				CLANG_WARN_DIRECT_OBJC_ISA_USAGE = YES_ERROR;
				CLANG_WARN_DOCUMENTATION_COMMENTS = YES;
				CLANG_WARN_EMPTY_BODY = YES;
				CLANG_WARN_ENUM_CONVERSION = YES;
				CLANG_WARN_INFINITE_RECURSION = YES;
				CLANG_WARN_INT_CONVERSION = YES;
				CLANG_WARN_NON_LITERAL_NULL_CONVERSION = YES;
				CLANG_WARN_OBJC_IMPLICIT_RETAIN_SELF = YES;
				CLANG_WARN_OBJC_LITERAL_CONVERSION = YES;
				CLANG_WARN_OBJC_ROOT_CLASS = YES_ERROR;
				CLANG_WARN_QUOTED_INCLUDE_IN_FRAMEWORK_HEADER = YES;
				CLANG_WARN_RANGE_LOOP_ANALYSIS = YES;
				CLANG_WARN_STRICT_PROTOTYPES = YES;
				CLANG_WARN_SUSPICIOUS_MOVE = YES;
				CLANG_WARN_UNGUARDED_AVAILABILITY = YES_AGGRESSIVE;
				CLANG_WARN_UNREACHABLE_CODE = YES;
				CLANG_WARN__DUPLICATE_METHOD_MATCH = YES;
				COPY_PHASE_STRIP = NO;
				DEBUG_INFORMATION_FORMAT = dwarf;
				ENABLE_STRICT_OBJC_MSGSEND = YES;
				ENABLE_TESTABILITY = YES;
				ENABLE_USER_SCRIPT_SANDBOXING = YES;
				GCC_C_LANGUAGE_STANDARD = gnu17;
				GCC_DYNAMIC_NO_PIC = NO;
				GCC_NO_COMMON_BLOCKS = YES;
				GCC_OPTIMIZATION_LEVEL = 0;
				GCC_PREPROCESSOR_DEFINITIONS = (
					"DEBUG=1",
					"$(inherited)",
				);
				GCC_WARN_64_TO_32_BIT_CONVERSION = YES;
				GCC_WARN_ABOUT_RETURN_TYPE = YES_ERROR;
				GCC_WARN_UNDECLARED_SELECTOR = YES;
				GCC_WARN_UNINITIALIZED_AUTOS = YES_AGGRESSIVE;
				GCC_WARN_UNUSED_FUNCTION = YES;
				GCC_WARN_UNUSED_VARIABLE = YES;
				IPHONEOS_DEPLOYMENT_TARGET = 17.2;
				LOCALIZATION_PREFERS_STRING_CATALOGS = YES;
				MTL_ENABLE_DEBUG_INFO = INCLUDE_SOURCE;
				MTL_FAST_MATH = YES;
				ONLY_ACTIVE_ARCH = YES;
				SDKROOT = iphoneos;
				SWIFT_ACTIVE_COMPILATION_CONDITIONS = "DEBUG $(inherited)";
				SWIFT_OPTIMIZATION_LEVEL = "-Onone";
			};
			name = Debug;
		};
		C3F784572B8E410C00A12EF1 /* Release */ = {
			isa = XCBuildConfiguration;
			buildSettings = {
				ALWAYS_SEARCH_USER_PATHS = NO;
				ASSETCATALOG_COMPILER_GENERATE_SWIFT_ASSET_SYMBOL_EXTENSIONS = YES;
				CLANG_ANALYZER_NONNULL = YES;
				CLANG_ANALYZER_NUMBER_OBJECT_CONVERSION = YES_AGGRESSIVE;
				CLANG_CXX_LANGUAGE_STANDARD = "gnu++20";
				CLANG_ENABLE_MODULES = YES;
				CLANG_ENABLE_OBJC_ARC = YES;
				CLANG_ENABLE_OBJC_WEAK = YES;
				CLANG_WARN_BLOCK_CAPTURE_AUTORELEASING = YES;
				CLANG_WARN_BOOL_CONVERSION = YES;
				CLANG_WARN_COMMA = YES;
				CLANG_WARN_CONSTANT_CONVERSION = YES;
				CLANG_WARN_DEPRECATED_OBJC_IMPLEMENTATIONS = YES;
				CLANG_WARN_DIRECT_OBJC_ISA_USAGE = YES_ERROR;
				CLANG_WARN_DOCUMENTATION_COMMENTS = YES;
				CLANG_WARN_EMPTY_BODY = YES;
				CLANG_WARN_ENUM_CONVERSION = YES;
				CLANG_WARN_INFINITE_RECURSION = YES;
				CLANG_WARN_INT_CONVERSION = YES;
				CLANG_WARN_NON_LITERAL_NULL_CONVERSION = YES;
				CLANG_WARN_OBJC_IMPLICIT_RETAIN_SELF = YES;
				CLANG_WARN_OBJC_LITERAL_CONVERSION = YES;
				CLANG_WARN_OBJC_ROOT_CLASS = YES_ERROR;
				CLANG_WARN_QUOTED_INCLUDE_IN_FRAMEWORK_HEADER = YES;
				CLANG_WARN_RANGE_LOOP_ANALYSIS = YES;
				CLANG_WARN_STRICT_PROTOTYPES = YES;
				CLANG_WARN_SUSPICIOUS_MOVE = YES;
				CLANG_WARN_UNGUARDED_AVAILABILITY = YES_AGGRESSIVE;
				CLANG_WARN_UNREACHABLE_CODE = YES;
				CLANG_WARN__DUPLICATE_METHOD_MATCH = YES;
				COPY_PHASE_STRIP = NO;
				DEBUG_INFORMATION_FORMAT = "dwarf-with-dsym";
				ENABLE_NS_ASSERTIONS = NO;
				ENABLE_STRICT_OBJC_MSGSEND = YES;
				ENABLE_USER_SCRIPT_SANDBOXING = YES;
				GCC_C_LANGUAGE_STANDARD = gnu17;
				GCC_NO_COMMON_BLOCKS = YES;
				GCC_WARN_64_TO_32_BIT_CONVERSION = YES;
				GCC_WARN_ABOUT_RETURN_TYPE = YES_ERROR;
				GCC_WARN_UNDECLARED_SELECTOR = YES;
				GCC_WARN_UNINITIALIZED_AUTOS = YES_AGGRESSIVE;
				GCC_WARN_UNUSED_FUNCTION = YES;
				GCC_WARN_UNUSED_VARIABLE = YES;
				IPHONEOS_DEPLOYMENT_TARGET = 17.2;
				LOCALIZATION_PREFERS_STRING_CATALOGS = YES;
				MTL_ENABLE_DEBUG_INFO = NO;
				MTL_FAST_MATH = YES;
				SDKROOT = iphoneos;
				SWIFT_COMPILATION_MODE = wholemodule;
				VALIDATE_PRODUCT = YES;
			};
			name = Release;
		};
		C3F784592B8E410C00A12EF1 /* Debug */ = {
			isa = XCBuildConfiguration;
			buildSettings = {
				ASSETCATALOG_COMPILER_APPICON_NAME = AppIcon;
				ASSETCATALOG_COMPILER_GLOBAL_ACCENT_COLOR_NAME = AccentColor;
				CODE_SIGN_STYLE = Automatic;
				CURRENT_PROJECT_VERSION = 1;
				DEVELOPMENT_ASSET_PATHS = "\"AbsenceRecorder/Preview Content\"";
				ENABLE_PREVIEWS = YES;
				GENERATE_INFOPLIST_FILE = YES;
				INFOPLIST_KEY_UIApplicationSceneManifest_Generation = YES;
				INFOPLIST_KEY_UIApplicationSupportsIndirectInputEvents = YES;
				INFOPLIST_KEY_UILaunchScreen_Generation = YES;
				INFOPLIST_KEY_UISupportedInterfaceOrientations_iPad = "UIInterfaceOrientationPortrait UIInterfaceOrientationPortraitUpsideDown UIInterfaceOrientationLandscapeLeft UIInterfaceOrientationLandscapeRight";
				INFOPLIST_KEY_UISupportedInterfaceOrientations_iPhone = "UIInterfaceOrientationPortrait UIInterfaceOrientationLandscapeLeft UIInterfaceOrientationLandscapeRight";
				LD_RUNPATH_SEARCH_PATHS = (
					"$(inherited)",
					"@executable_path/Frameworks",
				);
				MARKETING_VERSION = 1.0;
				PRODUCT_BUNDLE_IDENTIFIER = "com.parker-f.AbsenceRecorder";
				PRODUCT_NAME = "$(TARGET_NAME)";
				SWIFT_EMIT_LOC_STRINGS = YES;
				SWIFT_VERSION = 5.0;
				TARGETED_DEVICE_FAMILY = "1,2";
			};
			name = Debug;
		};
		C3F7845A2B8E410C00A12EF1 /* Release */ = {
			isa = XCBuildConfiguration;
			buildSettings = {
				ASSETCATALOG_COMPILER_APPICON_NAME = AppIcon;
				ASSETCATALOG_COMPILER_GLOBAL_ACCENT_COLOR_NAME = AccentColor;
				CODE_SIGN_STYLE = Automatic;
				CURRENT_PROJECT_VERSION = 1;
				DEVELOPMENT_ASSET_PATHS = "\"AbsenceRecorder/Preview Content\"";
				ENABLE_PREVIEWS = YES;
				GENERATE_INFOPLIST_FILE = YES;
				INFOPLIST_KEY_UIApplicationSceneManifest_Generation = YES;
				INFOPLIST_KEY_UIApplicationSupportsIndirectInputEvents = YES;
				INFOPLIST_KEY_UILaunchScreen_Generation = YES;
				INFOPLIST_KEY_UISupportedInterfaceOrientations_iPad = "UIInterfaceOrientationPortrait UIInterfaceOrientationPortraitUpsideDown UIInterfaceOrientationLandscapeLeft UIInterfaceOrientationLandscapeRight";
				INFOPLIST_KEY_UISupportedInterfaceOrientations_iPhone = "UIInterfaceOrientationPortrait UIInterfaceOrientationLandscapeLeft UIInterfaceOrientationLandscapeRight";
				LD_RUNPATH_SEARCH_PATHS = (
					"$(inherited)",
					"@executable_path/Frameworks",
				);
				MARKETING_VERSION = 1.0;
				PRODUCT_BUNDLE_IDENTIFIER = "com.parker-f.AbsenceRecorder";
				PRODUCT_NAME = "$(TARGET_NAME)";
				SWIFT_EMIT_LOC_STRINGS = YES;
				SWIFT_VERSION = 5.0;
				TARGETED_DEVICE_FAMILY = "1,2";
			};
			name = Release;
		};
		C3F7845C2B8E410C00A12EF1 /* Debug */ = {
			isa = XCBuildConfiguration;
			buildSettings = {
				ALWAYS_EMBED_SWIFT_STANDARD_LIBRARIES = YES;
				BUNDLE_LOADER = "$(TEST_HOST)";
				CODE_SIGN_STYLE = Automatic;
				CURRENT_PROJECT_VERSION = 1;
				GENERATE_INFOPLIST_FILE = YES;
				IPHONEOS_DEPLOYMENT_TARGET = 17.2;
				MARKETING_VERSION = 1.0;
				PRODUCT_BUNDLE_IDENTIFIER = "com.parker-f.AbsenceRecorderTests";
				PRODUCT_NAME = "$(TARGET_NAME)";
				SWIFT_EMIT_LOC_STRINGS = NO;
				SWIFT_VERSION = 5.0;
				TARGETED_DEVICE_FAMILY = "1,2";
				TEST_HOST = "$(BUILT_PRODUCTS_DIR)/AbsenceRecorder.app/$(BUNDLE_EXECUTABLE_FOLDER_PATH)/AbsenceRecorder";
			};
			name = Debug;
		};
		C3F7845D2B8E410C00A12EF1 /* Release */ = {
			isa = XCBuildConfiguration;
			buildSettings = {
				ALWAYS_EMBED_SWIFT_STANDARD_LIBRARIES = YES;
				BUNDLE_LOADER = "$(TEST_HOST)";
				CODE_SIGN_STYLE = Automatic;
				CURRENT_PROJECT_VERSION = 1;
				GENERATE_INFOPLIST_FILE = YES;
				IPHONEOS_DEPLOYMENT_TARGET = 17.2;
				MARKETING_VERSION = 1.0;
				PRODUCT_BUNDLE_IDENTIFIER = "com.parker-f.AbsenceRecorderTests";
				PRODUCT_NAME = "$(TARGET_NAME)";
				SWIFT_EMIT_LOC_STRINGS = NO;
				SWIFT_VERSION = 5.0;
				TARGETED_DEVICE_FAMILY = "1,2";
				TEST_HOST = "$(BUILT_PRODUCTS_DIR)/AbsenceRecorder.app/$(BUNDLE_EXECUTABLE_FOLDER_PATH)/AbsenceRecorder";
			};
			name = Release;
		};
		C3F7845F2B8E410C00A12EF1 /* Debug */ = {
			isa = XCBuildConfiguration;
			buildSettings = {
				ALWAYS_EMBED_SWIFT_STANDARD_LIBRARIES = YES;
				CODE_SIGN_STYLE = Automatic;
				CURRENT_PROJECT_VERSION = 1;
				GENERATE_INFOPLIST_FILE = YES;
				MARKETING_VERSION = 1.0;
				PRODUCT_BUNDLE_IDENTIFIER = "com.parker-f.AbsenceRecorderUITests";
				PRODUCT_NAME = "$(TARGET_NAME)";
				SWIFT_EMIT_LOC_STRINGS = NO;
				SWIFT_VERSION = 5.0;
				TARGETED_DEVICE_FAMILY = "1,2";
				TEST_TARGET_NAME = AbsenceRecorder;
			};
			name = Debug;
		};
		C3F784602B8E410C00A12EF1 /* Release */ = {
			isa = XCBuildConfiguration;
			buildSettings = {
				ALWAYS_EMBED_SWIFT_STANDARD_LIBRARIES = YES;
				CODE_SIGN_STYLE = Automatic;
				CURRENT_PROJECT_VERSION = 1;
				GENERATE_INFOPLIST_FILE = YES;
				MARKETING_VERSION = 1.0;
				PRODUCT_BUNDLE_IDENTIFIER = "com.parker-f.AbsenceRecorderUITests";
				PRODUCT_NAME = "$(TARGET_NAME)";
				SWIFT_EMIT_LOC_STRINGS = NO;
				SWIFT_VERSION = 5.0;
				TARGETED_DEVICE_FAMILY = "1,2";
				TEST_TARGET_NAME = AbsenceRecorder;
			};
			name = Release;
		};
/* End XCBuildConfiguration section */

/* Begin XCConfigurationList section */
		C3F7842F2B8E410800A12EF1 /* Build configuration list for PBXProject "AbsenceRecorder" */ = {
			isa = XCConfigurationList;
			buildConfigurations = (
				C3F784562B8E410C00A12EF1 /* Debug */,
				C3F784572B8E410C00A12EF1 /* Release */,
			);
			defaultConfigurationIsVisible = 0;
			defaultConfigurationName = Release;
		};
		C3F784582B8E410C00A12EF1 /* Build configuration list for PBXNativeTarget "AbsenceRecorder" */ = {
			isa = XCConfigurationList;
			buildConfigurations = (
				C3F784592B8E410C00A12EF1 /* Debug */,
				C3F7845A2B8E410C00A12EF1 /* Release */,
			);
			defaultConfigurationIsVisible = 0;
			defaultConfigurationName = Release;
		};
		C3F7845B2B8E410C00A12EF1 /* Build configuration list for PBXNativeTarget "AbsenceRecorderTests" */ = {
			isa = XCConfigurationList;
			buildConfigurations = (
				C3F7845C2B8E410C00A12EF1 /* Debug */,
				C3F7845D2B8E410C00A12EF1 /* Release */,
			);
			defaultConfigurationIsVisible = 0;
			defaultConfigurationName = Release;
		};
		C3F7845E2B8E410C00A12EF1 /* Build configuration list for PBXNativeTarget "AbsenceRecorderUITests" */ = {
			isa = XCConfigurationList;
			buildConfigurations = (
				C3F7845F2B8E410C00A12EF1 /* Debug */,
				C3F784602B8E410C00A12EF1 /* Release */,
			);
			defaultConfigurationIsVisible = 0;
			defaultConfigurationName = Release;
		};
/* End XCConfigurationList section */
	};
	rootObject = C3F7842C2B8E410800A12EF1 /* Project object */;
}
